// !$*UTF8*$!
{
	archiveVersion = 1;
	classes = {
	};
	objectVersion = 55;
	objects = {

/* Begin PBXBuildFile section */
		23A08795285FDE9C00AEB37C /* NoteView.swift in Sources */ = {isa = PBXBuildFile; fileRef = 23A08794285FDE9C00AEB37C /* NoteView.swift */; };
		23A087B8286535FF00AEB37C /* LifeHackView.swift in Sources */ = {isa = PBXBuildFile; fileRef = 23A087B7286535FF00AEB37C /* LifeHackView.swift */; };
		23A087BE2866730600AEB37C /* CheckBoxesView.swift in Sources */ = {isa = PBXBuildFile; fileRef = 23A087BD2866730600AEB37C /* CheckBoxesView.swift */; };
		23A087C02866738B00AEB37C /* ScrollableMileageView.swift in Sources */ = {isa = PBXBuildFile; fileRef = 23A087BF2866738B00AEB37C /* ScrollableMileageView.swift */; };
		23A087C22866741F00AEB37C /* MaintenanceItemsView.swift in Sources */ = {isa = PBXBuildFile; fileRef = 23A087C12866741F00AEB37C /* MaintenanceItemsView.swift */; };
		23A087C4286782A900AEB37C /* TroubleShootingView.swift in Sources */ = {isa = PBXBuildFile; fileRef = 23A087C3286782A900AEB37C /* TroubleShootingView.swift */; };
		23A4CE1D2853CD3200B4FB9C /* PocketMaintananceV2App.swift in Sources */ = {isa = PBXBuildFile; fileRef = 23A4CE1C2853CD3200B4FB9C /* PocketMaintananceV2App.swift */; };
		23A4CE1F2853CD3200B4FB9C /* ContentView.swift in Sources */ = {isa = PBXBuildFile; fileRef = 23A4CE1E2853CD3200B4FB9C /* ContentView.swift */; };
		23A4CE212853CD3500B4FB9C /* Assets.xcassets in Resources */ = {isa = PBXBuildFile; fileRef = 23A4CE202853CD3500B4FB9C /* Assets.xcassets */; };
		23A4CE242853CD3500B4FB9C /* Preview Assets.xcassets in Resources */ = {isa = PBXBuildFile; fileRef = 23A4CE232853CD3500B4FB9C /* Preview Assets.xcassets */; };
		23A4CE2B2853CD6200B4FB9C /* Model.swift in Sources */ = {isa = PBXBuildFile; fileRef = 23A4CE2A2853CD6200B4FB9C /* Model.swift */; };
		23A4CE2D2853CDA100B4FB9C /* DataManager.swift in Sources */ = {isa = PBXBuildFile; fileRef = 23A4CE2C2853CDA100B4FB9C /* DataManager.swift */; };
		23A4CE312853CE7E00B4FB9C /* MarkView.swift in Sources */ = {isa = PBXBuildFile; fileRef = 23A4CE302853CE7E00B4FB9C /* MarkView.swift */; };
		23A4CE332853D06C00B4FB9C /* ModelView.swift in Sources */ = {isa = PBXBuildFile; fileRef = 23A4CE322853D06C00B4FB9C /* ModelView.swift */; };
		23A4CE352853D42800B4FB9C /* UserCarView.swift in Sources */ = {isa = PBXBuildFile; fileRef = 23A4CE342853D42800B4FB9C /* UserCarView.swift */; };
		23A4CE3C2855117000B4FB9C /* UserManager.swift in Sources */ = {isa = PBXBuildFile; fileRef = 23A4CE3B2855117000B4FB9C /* UserManager.swift */; };
/* End PBXBuildFile section */

/* Begin PBXFileReference section */
		23A08794285FDE9C00AEB37C /* NoteView.swift */ = {isa = PBXFileReference; lastKnownFileType = sourcecode.swift; path = NoteView.swift; sourceTree = "<group>"; };
		23A087B7286535FF00AEB37C /* LifeHackView.swift */ = {isa = PBXFileReference; lastKnownFileType = sourcecode.swift; path = LifeHackView.swift; sourceTree = "<group>"; };
		23A087BD2866730600AEB37C /* CheckBoxesView.swift */ = {isa = PBXFileReference; lastKnownFileType = sourcecode.swift; path = CheckBoxesView.swift; sourceTree = "<group>"; };
		23A087BF2866738B00AEB37C /* ScrollableMileageView.swift */ = {isa = PBXFileReference; lastKnownFileType = sourcecode.swift; path = ScrollableMileageView.swift; sourceTree = "<group>"; };
		23A087C12866741F00AEB37C /* MaintenanceItemsView.swift */ = {isa = PBXFileReference; lastKnownFileType = sourcecode.swift; path = MaintenanceItemsView.swift; sourceTree = "<group>"; };
		23A087C3286782A900AEB37C /* TroubleShootingView.swift */ = {isa = PBXFileReference; lastKnownFileType = sourcecode.swift; path = TroubleShootingView.swift; sourceTree = "<group>"; };
		23A4CE192853CD3200B4FB9C /* PocketMaintananceV2.app */ = {isa = PBXFileReference; explicitFileType = wrapper.application; includeInIndex = 0; path = PocketMaintananceV2.app; sourceTree = BUILT_PRODUCTS_DIR; };
		23A4CE1C2853CD3200B4FB9C /* PocketMaintananceV2App.swift */ = {isa = PBXFileReference; lastKnownFileType = sourcecode.swift; path = PocketMaintananceV2App.swift; sourceTree = "<group>"; };
		23A4CE1E2853CD3200B4FB9C /* ContentView.swift */ = {isa = PBXFileReference; lastKnownFileType = sourcecode.swift; path = ContentView.swift; sourceTree = "<group>"; };
		23A4CE202853CD3500B4FB9C /* Assets.xcassets */ = {isa = PBXFileReference; lastKnownFileType = folder.assetcatalog; path = Assets.xcassets; sourceTree = "<group>"; };
		23A4CE232853CD3500B4FB9C /* Preview Assets.xcassets */ = {isa = PBXFileReference; lastKnownFileType = folder.assetcatalog; path = "Preview Assets.xcassets"; sourceTree = "<group>"; };
		23A4CE2A2853CD6200B4FB9C /* Model.swift */ = {isa = PBXFileReference; lastKnownFileType = sourcecode.swift; path = Model.swift; sourceTree = "<group>"; };
		23A4CE2C2853CDA100B4FB9C /* DataManager.swift */ = {isa = PBXFileReference; lastKnownFileType = sourcecode.swift; path = DataManager.swift; sourceTree = "<group>"; };
		23A4CE302853CE7E00B4FB9C /* MarkView.swift */ = {isa = PBXFileReference; lastKnownFileType = sourcecode.swift; path = MarkView.swift; sourceTree = "<group>"; };
		23A4CE322853D06C00B4FB9C /* ModelView.swift */ = {isa = PBXFileReference; lastKnownFileType = sourcecode.swift; path = ModelView.swift; sourceTree = "<group>"; };
		23A4CE342853D42800B4FB9C /* UserCarView.swift */ = {isa = PBXFileReference; lastKnownFileType = sourcecode.swift; path = UserCarView.swift; sourceTree = "<group>"; };
		23A4CE3B2855117000B4FB9C /* UserManager.swift */ = {isa = PBXFileReference; lastKnownFileType = sourcecode.swift; path = UserManager.swift; sourceTree = "<group>"; };
/* End PBXFileReference section */

/* Begin PBXFrameworksBuildPhase section */
		23A4CE162853CD3200B4FB9C /* Frameworks */ = {
			isa = PBXFrameworksBuildPhase;
			buildActionMask = 2147483647;
			files = (
			);
			runOnlyForDeploymentPostprocessing = 0;
		};
/* End PBXFrameworksBuildPhase section */

/* Begin PBXGroup section */
		23A08793285FD7A500AEB37C /* UserCarView */ = {
			isa = PBXGroup;
			children = (
				23A4CE342853D42800B4FB9C /* UserCarView.swift */,
				23A4CE302853CE7E00B4FB9C /* MarkView.swift */,
				23A4CE322853D06C00B4FB9C /* ModelView.swift */,
			);
			path = UserCarView;
			sourceTree = "<group>";
		};
		23A087B6286535A100AEB37C /* NoteView */ = {
			isa = PBXGroup;
			children = (
				23A08794285FDE9C00AEB37C /* NoteView.swift */,
			);
			path = NoteView;
			sourceTree = "<group>";
		};
		23A087B92865360700AEB37C /* LifehackView */ = {
			isa = PBXGroup;
			children = (
				23A087B7286535FF00AEB37C /* LifeHackView.swift */,
			);
			path = LifehackView;
			sourceTree = "<group>";
		};
		23A087BC286672EE00AEB37C /* MileageView */ = {
			isa = PBXGroup;
			children = (
				23A087BD2866730600AEB37C /* CheckBoxesView.swift */,
				23A087C12866741F00AEB37C /* MaintenanceItemsView.swift */,
				23A087BF2866738B00AEB37C /* ScrollableMileageView.swift */,
			);
			path = MileageView;
			sourceTree = "<group>";
		};
		23A087C528678A9B00AEB37C /* TroubleShootingview */ = {
			isa = PBXGroup;
			children = (
				23A087C3286782A900AEB37C /* TroubleShootingView.swift */,
			);
			path = TroubleShootingview;
			sourceTree = "<group>";
		};
		23A4CE102853CD3200B4FB9C = {
			isa = PBXGroup;
			children = (
				23A4CE1B2853CD3200B4FB9C /* PocketMaintananceV2 */,
				23A4CE1A2853CD3200B4FB9C /* Products */,
			);
			sourceTree = "<group>";
		};
		23A4CE1A2853CD3200B4FB9C /* Products */ = {
			isa = PBXGroup;
			children = (
				23A4CE192853CD3200B4FB9C /* PocketMaintananceV2.app */,
			);
			name = Products;
			sourceTree = "<group>";
		};
		23A4CE1B2853CD3200B4FB9C /* PocketMaintananceV2 */ = {
			isa = PBXGroup;
			children = (
				23A4CE1C2853CD3200B4FB9C /* PocketMaintananceV2App.swift */,
				23A4CE1E2853CD3200B4FB9C /* ContentView.swift */,
				23A087C528678A9B00AEB37C /* TroubleShootingview */,
				23A087BC286672EE00AEB37C /* MileageView */,
				23A087B92865360700AEB37C /* LifehackView */,
				23A087B6286535A100AEB37C /* NoteView */,
				23A08793285FD7A500AEB37C /* UserCarView */,
				23A4CE2E2853CDD600B4FB9C /* Model */,
				23A4CE2F2853CDE100B4FB9C /* Helper */,
				23A4CE202853CD3500B4FB9C /* Assets.xcassets */,
				23A4CE222853CD3500B4FB9C /* Preview Content */,
			);
			path = PocketMaintananceV2;
			sourceTree = "<group>";
		};
		23A4CE222853CD3500B4FB9C /* Preview Content */ = {
			isa = PBXGroup;
			children = (
				23A4CE232853CD3500B4FB9C /* Preview Assets.xcassets */,
			);
			path = "Preview Content";
			sourceTree = "<group>";
		};
		23A4CE2E2853CDD600B4FB9C /* Model */ = {
			isa = PBXGroup;
			children = (
				23A4CE2A2853CD6200B4FB9C /* Model.swift */,
			);
			path = Model;
			sourceTree = "<group>";
		};
		23A4CE2F2853CDE100B4FB9C /* Helper */ = {
			isa = PBXGroup;
			children = (
				23A4CE2C2853CDA100B4FB9C /* DataManager.swift */,
				23A4CE3B2855117000B4FB9C /* UserManager.swift */,
			);
			path = Helper;
			sourceTree = "<group>";
		};
/* End PBXGroup section */

/* Begin PBXNativeTarget section */
		23A4CE182853CD3200B4FB9C /* PocketMaintananceV2 */ = {
			isa = PBXNativeTarget;
			buildConfigurationList = 23A4CE272853CD3500B4FB9C /* Build configuration list for PBXNativeTarget "PocketMaintananceV2" */;
			buildPhases = (
				23A4CE152853CD3200B4FB9C /* Sources */,
				23A4CE162853CD3200B4FB9C /* Frameworks */,
				23A4CE172853CD3200B4FB9C /* Resources */,
			);
			buildRules = (
			);
			dependencies = (
			);
			name = PocketMaintananceV2;
			productName = PocketMaintananceV2;
			productReference = 23A4CE192853CD3200B4FB9C /* PocketMaintananceV2.app */;
			productType = "com.apple.product-type.application";
		};
/* End PBXNativeTarget section */

/* Begin PBXProject section */
		23A4CE112853CD3200B4FB9C /* Project object */ = {
			isa = PBXProject;
			attributes = {
				BuildIndependentTargetsInParallel = 1;
				LastSwiftUpdateCheck = 1340;
				LastUpgradeCheck = 1340;
				TargetAttributes = {
					23A4CE182853CD3200B4FB9C = {
						CreatedOnToolsVersion = 13.4.1;
					};
				};
			};
			buildConfigurationList = 23A4CE142853CD3200B4FB9C /* Build configuration list for PBXProject "PocketMaintananceV2" */;
			compatibilityVersion = "Xcode 13.0";
			developmentRegion = en;
			hasScannedForEncodings = 0;
			knownRegions = (
				en,
				Base,
			);
			mainGroup = 23A4CE102853CD3200B4FB9C;
			productRefGroup = 23A4CE1A2853CD3200B4FB9C /* Products */;
			projectDirPath = "";
			projectRoot = "";
			targets = (
				23A4CE182853CD3200B4FB9C /* PocketMaintananceV2 */,
			);
		};
/* End PBXProject section */

/* Begin PBXResourcesBuildPhase section */
		23A4CE172853CD3200B4FB9C /* Resources */ = {
			isa = PBXResourcesBuildPhase;
			buildActionMask = 2147483647;
			files = (
				23A4CE242853CD3500B4FB9C /* Preview Assets.xcassets in Resources */,
				23A4CE212853CD3500B4FB9C /* Assets.xcassets in Resources */,
			);
			runOnlyForDeploymentPostprocessing = 0;
		};
/* End PBXResourcesBuildPhase section */

/* Begin PBXSourcesBuildPhase section */
		23A4CE152853CD3200B4FB9C /* Sources */ = {
			isa = PBXSourcesBuildPhase;
			buildActionMask = 2147483647;
			files = (
				23A4CE3C2855117000B4FB9C /* UserManager.swift in Sources */,
				23A4CE332853D06C00B4FB9C /* ModelView.swift in Sources */,
				23A4CE352853D42800B4FB9C /* UserCarView.swift in Sources */,
				23A4CE2B2853CD6200B4FB9C /* Model.swift in Sources */,
				23A087BE2866730600AEB37C /* CheckBoxesView.swift in Sources */,
				23A087C4286782A900AEB37C /* TroubleShootingView.swift in Sources */,
				23A4CE2D2853CDA100B4FB9C /* DataManager.swift in Sources */,
				23A087C22866741F00AEB37C /* MaintenanceItemsView.swift in Sources */,
				23A087C02866738B00AEB37C /* ScrollableMileageView.swift in Sources */,
				23A4CE312853CE7E00B4FB9C /* MarkView.swift in Sources */,
				23A4CE1F2853CD3200B4FB9C /* ContentView.swift in Sources */,
				23A087B8286535FF00AEB37C /* LifeHackView.swift in Sources */,
				23A4CE1D2853CD3200B4FB9C /* PocketMaintananceV2App.swift in Sources */,
				23A08795285FDE9C00AEB37C /* NoteView.swift in Sources */,
			);
			runOnlyForDeploymentPostprocessing = 0;
		};
/* End PBXSourcesBuildPhase section */

/* Begin XCBuildConfiguration section */
		23A4CE252853CD3500B4FB9C /* Debug */ = {
			isa = XCBuildConfiguration;
			buildSettings = {
				ALWAYS_SEARCH_USER_PATHS = NO;
				CLANG_ANALYZER_NONNULL = YES;
				CLANG_ANALYZER_NUMBER_OBJECT_CONVERSION = YES_AGGRESSIVE;
				CLANG_CXX_LANGUAGE_STANDARD = "gnu++17";
				CLANG_ENABLE_MODULES = YES;
				CLANG_ENABLE_OBJC_ARC = YES;
				CLANG_ENABLE_OBJC_WEAK = YES;
				CLANG_WARN_BLOCK_CAPTURE_AUTORELEASING = YES;
				CLANG_WARN_BOOL_CONVERSION = YES;
				CLANG_WARN_COMMA = YES;
				CLANG_WARN_CONSTANT_CONVERSION = YES;
				CLANG_WARN_DEPRECATED_OBJC_IMPLEMENTATIONS = YES;
				CLANG_WARN_DIRECT_OBJC_ISA_USAGE = YES_ERROR;
				CLANG_WARN_DOCUMENTATION_COMMENTS = YES;
				CLANG_WARN_EMPTY_BODY = YES;
				CLANG_WARN_ENUM_CONVERSION = YES;
				CLANG_WARN_INFINITE_RECURSION = YES;
				CLANG_WARN_INT_CONVERSION = YES;
				CLANG_WARN_NON_LITERAL_NULL_CONVERSION = YES;
				CLANG_WARN_OBJC_IMPLICIT_RETAIN_SELF = YES;
				CLANG_WARN_OBJC_LITERAL_CONVERSION = YES;
				CLANG_WARN_OBJC_ROOT_CLASS = YES_ERROR;
				CLANG_WARN_QUOTED_INCLUDE_IN_FRAMEWORK_HEADER = YES;
				CLANG_WARN_RANGE_LOOP_ANALYSIS = YES;
				CLANG_WARN_STRICT_PROTOTYPES = YES;
				CLANG_WARN_SUSPICIOUS_MOVE = YES;
				CLANG_WARN_UNGUARDED_AVAILABILITY = YES_AGGRESSIVE;
				CLANG_WARN_UNREACHABLE_CODE = YES;
				CLANG_WARN__DUPLICATE_METHOD_MATCH = YES;
				COPY_PHASE_STRIP = NO;
				DEBUG_INFORMATION_FORMAT = dwarf;
				ENABLE_STRICT_OBJC_MSGSEND = YES;
				ENABLE_TESTABILITY = YES;
				GCC_C_LANGUAGE_STANDARD = gnu11;
				GCC_DYNAMIC_NO_PIC = NO;
				GCC_NO_COMMON_BLOCKS = YES;
				GCC_OPTIMIZATION_LEVEL = 0;
				GCC_PREPROCESSOR_DEFINITIONS = (
					"DEBUG=1",
					"$(inherited)",
				);
				GCC_WARN_64_TO_32_BIT_CONVERSION = YES;
				GCC_WARN_ABOUT_RETURN_TYPE = YES_ERROR;
				GCC_WARN_UNDECLARED_SELECTOR = YES;
				GCC_WARN_UNINITIALIZED_AUTOS = YES_AGGRESSIVE;
				GCC_WARN_UNUSED_FUNCTION = YES;
				GCC_WARN_UNUSED_VARIABLE = YES;
				IPHONEOS_DEPLOYMENT_TARGET = 15.5;
				MTL_ENABLE_DEBUG_INFO = INCLUDE_SOURCE;
				MTL_FAST_MATH = YES;
				ONLY_ACTIVE_ARCH = YES;
				SDKROOT = iphoneos;
				SWIFT_ACTIVE_COMPILATION_CONDITIONS = DEBUG;
				SWIFT_OPTIMIZATION_LEVEL = "-Onone";
			};
			name = Debug;
		};
		23A4CE262853CD3500B4FB9C /* Release */ = {
			isa = XCBuildConfiguration;
			buildSettings = {
				ALWAYS_SEARCH_USER_PATHS = NO;
				CLANG_ANALYZER_NONNULL = YES;
				CLANG_ANALYZER_NUMBER_OBJECT_CONVERSION = YES_AGGRESSIVE;
				CLANG_CXX_LANGUAGE_STANDARD = "gnu++17";
				CLANG_ENABLE_MODULES = YES;
				CLANG_ENABLE_OBJC_ARC = YES;
				CLANG_ENABLE_OBJC_WEAK = YES;
				CLANG_WARN_BLOCK_CAPTURE_AUTORELEASING = YES;
				CLANG_WARN_BOOL_CONVERSION = YES;
				CLANG_WARN_COMMA = YES;
				CLANG_WARN_CONSTANT_CONVERSION = YES;
				CLANG_WARN_DEPRECATED_OBJC_IMPLEMENTATIONS = YES;
				CLANG_WARN_DIRECT_OBJC_ISA_USAGE = YES_ERROR;
				CLANG_WARN_DOCUMENTATION_COMMENTS = YES;
				CLANG_WARN_EMPTY_BODY = YES;
				CLANG_WARN_ENUM_CONVERSION = YES;
				CLANG_WARN_INFINITE_RECURSION = YES;
				CLANG_WARN_INT_CONVERSION = YES;
				CLANG_WARN_NON_LITERAL_NULL_CONVERSION = YES;
				CLANG_WARN_OBJC_IMPLICIT_RETAIN_SELF = YES;
				CLANG_WARN_OBJC_LITERAL_CONVERSION = YES;
				CLANG_WARN_OBJC_ROOT_CLASS = YES_ERROR;
				CLANG_WARN_QUOTED_INCLUDE_IN_FRAMEWORK_HEADER = YES;
				CLANG_WARN_RANGE_LOOP_ANALYSIS = YES;
				CLANG_WARN_STRICT_PROTOTYPES = YES;
				CLANG_WARN_SUSPICIOUS_MOVE = YES;
				CLANG_WARN_UNGUARDED_AVAILABILITY = YES_AGGRESSIVE;
				CLANG_WARN_UNREACHABLE_CODE = YES;
				CLANG_WARN__DUPLICATE_METHOD_MATCH = YES;
				COPY_PHASE_STRIP = NO;
				DEBUG_INFORMATION_FORMAT = "dwarf-with-dsym";
				ENABLE_NS_ASSERTIONS = NO;
				ENABLE_STRICT_OBJC_MSGSEND = YES;
				GCC_C_LANGUAGE_STANDARD = gnu11;
				GCC_NO_COMMON_BLOCKS = YES;
				GCC_WARN_64_TO_32_BIT_CONVERSION = YES;
				GCC_WARN_ABOUT_RETURN_TYPE = YES_ERROR;
				GCC_WARN_UNDECLARED_SELECTOR = YES;
				GCC_WARN_UNINITIALIZED_AUTOS = YES_AGGRESSIVE;
				GCC_WARN_UNUSED_FUNCTION = YES;
				GCC_WARN_UNUSED_VARIABLE = YES;
				IPHONEOS_DEPLOYMENT_TARGET = 15.5;
				MTL_ENABLE_DEBUG_INFO = NO;
				MTL_FAST_MATH = YES;
				SDKROOT = iphoneos;
				SWIFT_COMPILATION_MODE = wholemodule;
				SWIFT_OPTIMIZATION_LEVEL = "-O";
				VALIDATE_PRODUCT = YES;
			};
			name = Release;
		};
		23A4CE282853CD3500B4FB9C /* Debug */ = {
			isa = XCBuildConfiguration;
			buildSettings = {
				ASSETCATALOG_COMPILER_APPICON_NAME = AppIcon;
				ASSETCATALOG_COMPILER_GLOBAL_ACCENT_COLOR_NAME = AccentColor;
				CODE_SIGN_STYLE = Automatic;
				CURRENT_PROJECT_VERSION = 1;
				DEVELOPMENT_ASSET_PATHS = "\"PocketMaintananceV2/Preview Content\"";
				ENABLE_PREVIEWS = YES;
				GENERATE_INFOPLIST_FILE = YES;
				INFOPLIST_KEY_UIApplicationSceneManifest_Generation = YES;
				INFOPLIST_KEY_UIApplicationSupportsIndirectInputEvents = YES;
				INFOPLIST_KEY_UILaunchScreen_Generation = YES;
				INFOPLIST_KEY_UISupportedInterfaceOrientations_iPad = "UIInterfaceOrientationPortrait UIInterfaceOrientationPortraitUpsideDown UIInterfaceOrientationLandscapeLeft UIInterfaceOrientationLandscapeRight";
				INFOPLIST_KEY_UISupportedInterfaceOrientations_iPhone = "UIInterfaceOrientationPortrait UIInterfaceOrientationLandscapeLeft UIInterfaceOrientationLandscapeRight";
				LD_RUNPATH_SEARCH_PATHS = (
					"$(inherited)",
					"@executable_path/Frameworks",
				);
				MARKETING_VERSION = 1.0;
				PRODUCT_BUNDLE_IDENTIFIER = KremnevViacheslav.PocketMaintananceV2;
				PRODUCT_NAME = "$(TARGET_NAME)";
				SWIFT_EMIT_LOC_STRINGS = YES;
				SWIFT_VERSION = 5.0;
				TARGETED_DEVICE_FAMILY = "1,2";
			};
			name = Debug;
		};
		23A4CE292853CD3500B4FB9C /* Release */ = {
			isa = XCBuildConfiguration;
			buildSettings = {
				ASSETCATALOG_COMPILER_APPICON_NAME = AppIcon;
				ASSETCATALOG_COMPILER_GLOBAL_ACCENT_COLOR_NAME = AccentColor;
				CODE_SIGN_STYLE = Automatic;
				CURRENT_PROJECT_VERSION = 1;
				DEVELOPMENT_ASSET_PATHS = "\"PocketMaintananceV2/Preview Content\"";
				ENABLE_PREVIEWS = YES;
				GENERATE_INFOPLIST_FILE = YES;
				INFOPLIST_KEY_UIApplicationSceneManifest_Generation = YES;
				INFOPLIST_KEY_UIApplicationSupportsIndirectInputEvents = YES;
				INFOPLIST_KEY_UILaunchScreen_Generation = YES;
				INFOPLIST_KEY_UISupportedInterfaceOrientations_iPad = "UIInterfaceOrientationPortrait UIInterfaceOrientationPortraitUpsideDown UIInterfaceOrientationLandscapeLeft UIInterfaceOrientationLandscapeRight";
				INFOPLIST_KEY_UISupportedInterfaceOrientations_iPhone = "UIInterfaceOrientationPortrait UIInterfaceOrientationLandscapeLeft UIInterfaceOrientationLandscapeRight";
				LD_RUNPATH_SEARCH_PATHS = (
					"$(inherited)",
					"@executable_path/Frameworks",
				);
				MARKETING_VERSION = 1.0;
				PRODUCT_BUNDLE_IDENTIFIER = KremnevViacheslav.PocketMaintananceV2;
				PRODUCT_NAME = "$(TARGET_NAME)";
				SWIFT_EMIT_LOC_STRINGS = YES;
				SWIFT_VERSION = 5.0;
				TARGETED_DEVICE_FAMILY = "1,2";
			};
			name = Release;
		};
/* End XCBuildConfiguration section */

/* Begin XCConfigurationList section */
		23A4CE142853CD3200B4FB9C /* Build configuration list for PBXProject "PocketMaintananceV2" */ = {
			isa = XCConfigurationList;
			buildConfigurations = (
				23A4CE252853CD3500B4FB9C /* Debug */,
				23A4CE262853CD3500B4FB9C /* Release */,
			);
			defaultConfigurationIsVisible = 0;
			defaultConfigurationName = Release;
		};
		23A4CE272853CD3500B4FB9C /* Build configuration list for PBXNativeTarget "PocketMaintananceV2" */ = {
			isa = XCConfigurationList;
			buildConfigurations = (
				23A4CE282853CD3500B4FB9C /* Debug */,
				23A4CE292853CD3500B4FB9C /* Release */,
			);
			defaultConfigurationIsVisible = 0;
			defaultConfigurationName = Release;
		};
/* End XCConfigurationList section */
	};
	rootObject = 23A4CE112853CD3200B4FB9C /* Project object */;
}
